<?xml version="1.0" encoding="utf-8"?>
<Project ToolsVersion="4.0" xmlns="http://schemas.microsoft.com/developer/msbuild/2003">
  <ItemGroup>
    <Filter Include="源文件">
      <UniqueIdentifier>{4FC737F1-C7A5-4376-A066-2A32D752A2FF}</UniqueIdentifier>
      <Extensions>cpp;c;cc;cxx;def;odl;idl;hpj;bat;asm;asmx</Extensions>
    </Filter>
    <Filter Include="头文件">
      <UniqueIdentifier>{93995380-89BD-4b04-88EB-625FBE52EBFB}</UniqueIdentifier>
      <Extensions>h;hpp;hxx;hm;inl;inc;xsd</Extensions>
    </Filter>
    <Filter Include="资源文件">
      <UniqueIdentifier>{67DA6AB6-F800-4c08-8B7A-83BB121AAD01}</UniqueIdentifier>
      <Extensions>rc;ico;cur;bmp;dlg;rc2;rct;bin;rgs;gif;jpg;jpeg;jpe;resx;tiff;tif;png;wav;mfcribbon-ms</Extensions>
    </Filter>
    <Filter Include="头文件\3rd">
      <UniqueIdentifier>{e5b74255-ab00-4546-b8ca-4f4828b65225}</UniqueIdentifier>
    </Filter>
    <Filter Include="头文件\3rd\pugixml">
      <UniqueIdentifier>{60e65d36-0a32-4711-a52c-a4df008c16e6}</UniqueIdentifier>
    </Filter>
    <Filter Include="源文件\3rd">
      <UniqueIdentifier>{e12add74-511e-4987-88b1-f243c30b6e0c}</UniqueIdentifier>
    </Filter>
    <Filter Include="源文件\3rd\pugixml">
      <UniqueIdentifier>{a7a05bb4-5f01-42c5-b090-42ad878c13d5}</UniqueIdentifier>
    </Filter>
    <Filter Include="头文件\nodes">
      <UniqueIdentifier>{8220f174-f8f5-49c1-922f-039e6953960f}</UniqueIdentifier>
    </Filter>
    <Filter Include="源文件\nodes">
      <UniqueIdentifier>{43c6c8f7-34cf-411e-8a8a-1711ea20bdfd}</UniqueIdentifier>
    </Filter>
    <Filter Include="头文件\tools">
      <UniqueIdentifier>{018354f9-4f64-489d-945e-9135337c06aa}</UniqueIdentifier>
    </Filter>
    <Filter Include="头文件\network">
      <UniqueIdentifier>{6d5183c3-5943-4d86-9585-08b1f2be6860}</UniqueIdentifier>
    </Filter>
    <Filter Include="源文件\network">
      <UniqueIdentifier>{d88afcd2-9777-4f04-8920-f68535231901}</UniqueIdentifier>
    </Filter>
    <Filter Include="源文件\tools">
      <UniqueIdentifier>{82bdd3ff-c222-40d1-b868-cdd73fdca0e7}</UniqueIdentifier>
    </Filter>
    <Filter Include="头文件\fsm">
      <UniqueIdentifier>{6bad1811-28f4-4d48-a5aa-776e64cc74b6}</UniqueIdentifier>
    </Filter>
    <Filter Include="源文件\fsm">
      <UniqueIdentifier>{6a753cef-9e2d-4dee-8e9f-e3e108704aff}</UniqueIdentifier>
    </Filter>
    <Filter Include="头文件\profile">
      <UniqueIdentifier>{cb0d4d5c-3ead-4c95-ae7f-dbd32c4ad72b}</UniqueIdentifier>
    </Filter>
    <Filter Include="源文件\profile">
      <UniqueIdentifier>{5ec45306-d381-4459-b54d-8df2766af1c6}</UniqueIdentifier>
    </Filter>
    <Filter Include="头文件\sharp">
      <UniqueIdentifier>{8d9120ff-5bc2-4670-95f6-f285ace91bd6}</UniqueIdentifier>
    </Filter>
    <Filter Include="源文件\sharp">
      <UniqueIdentifier>{c32dbd06-ebb5-41d6-8e53-b0f1566877fa}</UniqueIdentifier>
    </Filter>
    <Filter Include="头文件\operations">
      <UniqueIdentifier>{0a8cbe58-332e-4267-b7e9-090e67a64d30}</UniqueIdentifier>
    </Filter>
    <Filter Include="源文件\variables">
      <UniqueIdentifier>{92a88e70-4747-4205-89d6-bc796d9a5432}</UniqueIdentifier>
    </Filter>
    <Filter Include="头文件\types">
      <UniqueIdentifier>{40de35e0-902a-47c7-a882-7b0871e59489}</UniqueIdentifier>
    </Filter>
    <Filter Include="源文件\types">
      <UniqueIdentifier>{94ad1323-088b-4378-8150-bc14d6d67f17}</UniqueIdentifier>
    </Filter>
  </ItemGroup>
  <ItemGroup>
    <ClInclude Include="..\include\YBehavior\agent.h">
      <Filter>头文件</Filter>
    </ClInclude>
    <ClInclude Include="..\include\YBehavior\define.h">
      <Filter>头文件</Filter>
    </ClInclude>
    <ClInclude Include="..\include\YBehavior\3rd\pugixml\pugiconfig.hpp">
      <Filter>头文件\3rd\pugixml</Filter>
    </ClInclude>
    <ClInclude Include="..\include\YBehavior\3rd\pugixml\pugixml.hpp">
      <Filter>头文件\3rd\pugixml</Filter>
    </ClInclude>
    <ClInclude Include="..\include\YBehavior\behaviortree.h">
      <Filter>头文件</Filter>
    </ClInclude>
    <ClInclude Include="..\include\YBehavior\behaviortreemgr.h">
      <Filter>头文件</Filter>
    </ClInclude>
    <ClInclude Include="..\include\YBehavior\nodes\sequence.h">
      <Filter>头文件\nodes</Filter>
    </ClInclude>
    <ClInclude Include="..\include\YBehavior\factory.h">
      <Filter>头文件</Filter>
    </ClInclude>
    <ClInclude Include="..\include\YBehavior\logger.h">
      <Filter>头文件</Filter>
    </ClInclude>
    <ClInclude Include="..\include\YBehavior\utility.h">
      <Filter>头文件</Filter>
    </ClInclude>
    <ClInclude Include="..\include\YBehavior\nodes\calculator.h">
      <Filter>头文件\nodes</Filter>
    </ClInclude>
    <ClInclude Include="..\include\YBehavior\nodefactory.h">
      <Filter>头文件</Filter>
    </ClInclude>
    <ClInclude Include="..\include\YBehavior\sharedvariablecreatehelper.h">
      <Filter>头文件</Filter>
    </ClInclude>
    <ClInclude Include="..\include\YBehavior\tools\bimap.h">
      <Filter>头文件\tools</Filter>
    </ClInclude>
    <ClInclude Include="..\include\YBehavior\launcher.h">
      <Filter>头文件</Filter>
    </ClInclude>
    <ClInclude Include="..\include\YBehavior\nodes\comparer.h">
      <Filter>头文件\nodes</Filter>
    </ClInclude>
    <ClInclude Include="..\include\YBehavior\shareddataex.h">
      <Filter>头文件</Filter>
    </ClInclude>
    <ClInclude Include="..\include\YBehavior\tools\meta.h">
      <Filter>头文件\tools</Filter>
    </ClInclude>
    <ClInclude Include="..\include\YBehavior\sharedvariableex.h">
      <Filter>头文件</Filter>
    </ClInclude>
    <ClInclude Include="..\include\YBehavior\nodes\ifthenelse.h">
      <Filter>头文件\nodes</Filter>
    </ClInclude>
    <ClInclude Include="..\include\YBehavior\nodes\decorator.h">
      <Filter>头文件\nodes</Filter>
    </ClInclude>
    <ClInclude Include="..\include\YBehavior\interface.h">
      <Filter>头文件</Filter>
    </ClInclude>
    <ClInclude Include="..\include\YBehavior\network\network.h">
      <Filter>头文件\network</Filter>
    </ClInclude>
    <ClInclude Include="..\include\YBehavior\debugger.h">
      <Filter>头文件</Filter>
    </ClInclude>
    <ClInclude Include="..\include\YBehavior\singleton.h">
      <Filter>头文件</Filter>
    </ClInclude>
    <ClInclude Include="..\include\YBehavior\tools\objectpool.h">
      <Filter>头文件\tools</Filter>
    </ClInclude>
    <ClInclude Include="..\include\YBehavior\network\messageprocessor.h">
      <Filter>头文件\network</Filter>
    </ClInclude>
    <ClInclude Include="..\include\YBehavior\nodes\selector.h">
      <Filter>头文件\nodes</Filter>
    </ClInclude>
    <ClInclude Include="..\include\YBehavior\nodes\setdata.h">
      <Filter>头文件\nodes</Filter>
    </ClInclude>
    <ClInclude Include="..\include\YBehavior\nodes\random.h">
      <Filter>头文件\nodes</Filter>
    </ClInclude>
    <ClInclude Include="..\include\YBehavior\tools\common.h">
      <Filter>头文件\tools</Filter>
    </ClInclude>
    <ClInclude Include="..\include\YBehavior\eventqueue.h">
      <Filter>头文件</Filter>
    </ClInclude>
    <ClInclude Include="..\include\YBehavior\nodes\switchcase.h">
      <Filter>头文件\nodes</Filter>
    </ClInclude>
    <ClInclude Include="..\include\YBehavior\nodes\loop.h">
      <Filter>头文件\nodes</Filter>
    </ClInclude>
    <ClInclude Include="..\include\YBehavior\nodes\piecewisefunction.h">
      <Filter>头文件\nodes</Filter>
    </ClInclude>
    <ClInclude Include="..\include\YBehavior\nodes\dice.h">
      <Filter>头文件\nodes</Filter>
    </ClInclude>
    <ClInclude Include="..\include\YBehavior\treekeymgr.h">
      <Filter>头文件</Filter>
    </ClInclude>
    <ClInclude Include="..\include\YBehavior\nodes\subtree.h">
      <Filter>头文件\nodes</Filter>
    </ClInclude>
    <ClInclude Include="..\include\YBehavior\tools\treemgrhelper.hpp">
      <Filter>头文件\tools</Filter>
    </ClInclude>
    <ClInclude Include="..\include\YBehavior\nodes\wait.h">
      <Filter>头文件\nodes</Filter>
    </ClInclude>
    <ClInclude Include="..\include\YBehavior\nodes\array.h">
      <Filter>头文件\nodes</Filter>
    </ClInclude>
    <ClInclude Include="..\include\YBehavior\memory.h">
      <Filter>头文件</Filter>
    </ClInclude>
    <ClInclude Include="..\include\YBehavior\fsm\statemachine.h">
      <Filter>头文件\fsm</Filter>
    </ClInclude>
    <ClInclude Include="..\include\YBehavior\fsm\machinestate.h">
      <Filter>头文件\fsm</Filter>
    </ClInclude>
    <ClInclude Include="..\include\YBehavior\fsm\metastate.h">
      <Filter>头文件\fsm</Filter>
    </ClInclude>
    <ClInclude Include="..\include\YBehavior\fsm\machinemgr.h">
      <Filter>头文件\fsm</Filter>
    </ClInclude>
    <ClInclude Include="..\include\YBehavior\behaviorprocess.h">
      <Filter>头文件</Filter>
    </ClInclude>
    <ClInclude Include="..\include\YBehavior\mgrs.h">
      <Filter>头文件</Filter>
    </ClInclude>
    <ClInclude Include="..\include\YBehavior\fsm\transition.h">
      <Filter>头文件\fsm</Filter>
    </ClInclude>
    <ClInclude Include="..\include\YBehavior\fsm\context.h">
      <Filter>头文件\fsm</Filter>
    </ClInclude>
    <ClInclude Include="..\include\YBehavior\nodes\fsmrelated.h">
      <Filter>头文件\nodes</Filter>
    </ClInclude>
    <ClInclude Include="..\include\YBehavior\version.h">
      <Filter>头文件</Filter>
    </ClInclude>
    <ClInclude Include="..\include\YBehavior\fsm\behavior.h">
      <Filter>头文件\fsm</Filter>
    </ClInclude>
    <ClInclude Include="..\include\YBehavior\fsm\behaviormgr.h">
      <Filter>头文件\fsm</Filter>
    </ClInclude>
    <ClInclude Include="..\include\YBehavior\profile\profiler.h">
      <Filter>头文件\profile</Filter>
    </ClInclude>
    <ClInclude Include="..\include\YBehavior\profile\profilehelper.h">
      <Filter>头文件\profile</Filter>
    </ClInclude>
    <ClInclude Include="..\include\YBehavior\profile\profileprocessor.h">
      <Filter>头文件\profile</Filter>
    </ClInclude>
    <ClInclude Include="..\include\YBehavior\profile\profileheader.h">
      <Filter>头文件\profile</Filter>
    </ClInclude>
    <ClInclude Include="..\include\YBehavior\sharp\sharpnode.h">
      <Filter>头文件\sharp</Filter>
    </ClInclude>
    <ClInclude Include="..\include\YBehavior\sharp\sharpentry_shareddata.h">
      <Filter>头文件\sharp</Filter>
    </ClInclude>
    <ClInclude Include="..\include\YBehavior\sharp\sharpentry_variable.h">
      <Filter>头文件\sharp</Filter>
    </ClInclude>
    <ClInclude Include="..\include\YBehavior\sharp\sharpentry.h">
      <Filter>头文件\sharp</Filter>
    </ClInclude>
    <ClInclude Include="..\include\YBehavior\sharp\sharpentry_array.h">
      <Filter>头文件\sharp</Filter>
    </ClInclude>
    <ClInclude Include="..\include\YBehavior\sharp\sharpentry_data.h">
      <Filter>头文件\sharp</Filter>
    </ClInclude>
    <ClInclude Include="..\include\YBehavior\sharp\sharpentry_buffer.h">
      <Filter>头文件\sharp</Filter>
    </ClInclude>
    <ClInclude Include="..\include\YBehavior\sharp\sharplaunch.h">
      <Filter>头文件\sharp</Filter>
    </ClInclude>
    <ClInclude Include="..\include\YBehavior\treenode.h">
      <Filter>头文件</Filter>
    </ClInclude>
    <ClInclude Include="..\include\YBehavior\nodes\convert.h">
      <Filter>头文件\nodes</Filter>
    </ClInclude>
    <ClInclude Include="..\include\YBehavior\variables\variablecalculate.h">
      <Filter>头文件\operations</Filter>
    </ClInclude>
    <ClInclude Include="..\include\YBehavior\variables\variablecompare.h">
      <Filter>头文件\operations</Filter>
    </ClInclude>
    <ClInclude Include="..\include\YBehavior\variables\variableconvert.h">
      <Filter>头文件\operations</Filter>
    </ClInclude>
    <ClInclude Include="..\include\YBehavior\variables\variableoperation.h">
      <Filter>头文件\operations</Filter>
    </ClInclude>
    <ClInclude Include="..\include\YBehavior\variables\variablerandom.h">
      <Filter>头文件\operations</Filter>
    </ClInclude>
    <ClInclude Include="..\include\YBehavior\variablecreation.h">
      <Filter>头文件</Filter>
    </ClInclude>
    <ClInclude Include="..\include\YBehavior\types\types.h">
      <Filter>头文件\types</Filter>
    </ClInclude>
    <ClInclude Include="..\include\YBehavior\types\smallmap.h">
      <Filter>头文件\types</Filter>
    </ClInclude>
    <ClInclude Include="..\include\YBehavior\types\treemap.h">
      <Filter>头文件\types</Filter>
    </ClInclude>
    <ClInclude Include="..\include\YBehavior\nodes\handleevent.h">
      <Filter>头文件\nodes</Filter>
    </ClInclude>
    <ClInclude Include="..\include\YBehavior\types\smallset.h">
      <Filter>头文件\types</Filter>
    </ClInclude>
  </ItemGroup>
  <ItemGroup>
    <ClCompile Include="..\src\YBehavior\agent.cpp">
      <Filter>源文件</Filter>
    </ClCompile>
    <ClCompile Include="..\src\YBehavior\3rd\pugixml\pugixml.cpp">
      <Filter>源文件\3rd\pugixml</Filter>
    </ClCompile>
    <ClCompile Include="..\src\YBehavior\behaviortree.cpp">
      <Filter>源文件</Filter>
    </ClCompile>
    <ClCompile Include="..\src\YBehavior\behaviortreemgr.cpp">
      <Filter>源文件</Filter>
    </ClCompile>
    <ClCompile Include="..\src\YBehavior\nodes\sequence.cpp">
      <Filter>源文件\nodes</Filter>
    </ClCompile>
    <ClCompile Include="..\src\YBehavior\utility.cpp">
      <Filter>源文件</Filter>
    </ClCompile>
    <ClCompile Include="..\src\YBehavior\nodes\calculator.cpp">
      <Filter>源文件\nodes</Filter>
    </ClCompile>
    <ClCompile Include="..\src\YBehavior\nodefactory.cpp">
      <Filter>源文件</Filter>
    </ClCompile>
    <ClCompile Include="..\src\YBehavior\launcher.cpp">
      <Filter>源文件</Filter>
    </ClCompile>
    <ClCompile Include="..\src\YBehavior\nodes\comparer.cpp">
      <Filter>源文件\nodes</Filter>
    </ClCompile>
    <ClCompile Include="..\src\YBehavior\nodes\ifthenelse.cpp">
      <Filter>源文件\nodes</Filter>
    </ClCompile>
    <ClCompile Include="..\src\YBehavior\nodes\decorator.cpp">
      <Filter>源文件\nodes</Filter>
    </ClCompile>
    <ClCompile Include="..\src\YBehavior\shareddataex.cpp">
      <Filter>源文件</Filter>
    </ClCompile>
    <ClCompile Include="..\src\YBehavior\network\network.cpp">
      <Filter>源文件\network</Filter>
    </ClCompile>
    <ClCompile Include="..\src\YBehavior\network\network_msvc.cpp">
      <Filter>源文件\network</Filter>
    </ClCompile>
    <ClCompile Include="..\src\YBehavior\debugger.cpp">
      <Filter>源文件</Filter>
    </ClCompile>
    <ClCompile Include="..\src\YBehavior\network\messageprocessor.cpp">
      <Filter>源文件\network</Filter>
    </ClCompile>
    <ClCompile Include="..\src\YBehavior\nodes\selector.cpp">
      <Filter>源文件\nodes</Filter>
    </ClCompile>
    <ClCompile Include="..\src\YBehavior\nodes\setdata.cpp">
      <Filter>源文件\nodes</Filter>
    </ClCompile>
    <ClCompile Include="..\src\YBehavior\nodes\random.cpp">
      <Filter>源文件\nodes</Filter>
    </ClCompile>
    <ClCompile Include="..\src\YBehavior\tools\common.cpp">
      <Filter>源文件\tools</Filter>
    </ClCompile>
    <ClCompile Include="..\src\YBehavior\nodes\handleevent.cpp">
      <Filter>源文件\nodes</Filter>
    </ClCompile>
    <ClCompile Include="..\src\YBehavior\eventqueue.cpp">
      <Filter>源文件</Filter>
    </ClCompile>
    <ClCompile Include="..\src\YBehavior\nodes\switchcase.cpp">
      <Filter>源文件\nodes</Filter>
    </ClCompile>
    <ClCompile Include="..\src\YBehavior\nodes\loop.cpp">
      <Filter>源文件\nodes</Filter>
    </ClCompile>
    <ClCompile Include="..\src\YBehavior\nodes\piecewisefunction.cpp">
      <Filter>源文件\nodes</Filter>
    </ClCompile>
    <ClCompile Include="..\src\YBehavior\nodes\dice.cpp">
      <Filter>源文件\nodes</Filter>
    </ClCompile>
    <ClCompile Include="..\src\YBehavior\treekeymgr.cpp">
      <Filter>源文件</Filter>
    </ClCompile>
    <ClCompile Include="..\src\YBehavior\nodes\subtree.cpp">
      <Filter>源文件\nodes</Filter>
    </ClCompile>
    <ClCompile Include="..\src\YBehavior\nodes\wait.cpp">
      <Filter>源文件\nodes</Filter>
    </ClCompile>
    <ClCompile Include="..\src\YBehavior\logger.cpp">
      <Filter>源文件</Filter>
    </ClCompile>
    <ClCompile Include="..\src\YBehavior\nodes\array.cpp">
      <Filter>源文件\nodes</Filter>
    </ClCompile>
    <ClCompile Include="..\src\YBehavior\memory.cpp">
      <Filter>源文件</Filter>
    </ClCompile>
    <ClCompile Include="..\src\YBehavior\tools\objectpool.cpp">
      <Filter>源文件\tools</Filter>
    </ClCompile>
    <ClCompile Include="..\src\YBehavior\sharedvariablecreatehelper.cpp">
      <Filter>源文件</Filter>
    </ClCompile>
    <ClCompile Include="..\src\YBehavior\fsm\statemachine.cpp">
      <Filter>源文件\fsm</Filter>
    </ClCompile>
    <ClCompile Include="..\src\YBehavior\fsm\machinestate.cpp">
      <Filter>源文件\fsm</Filter>
    </ClCompile>
    <ClCompile Include="..\src\YBehavior\fsm\metastate.cpp">
      <Filter>源文件\fsm</Filter>
    </ClCompile>
    <ClCompile Include="..\src\YBehavior\fsm\machinemgr.cpp">
      <Filter>源文件\fsm</Filter>
    </ClCompile>
    <ClCompile Include="..\src\YBehavior\behaviorprocess.cpp">
      <Filter>源文件</Filter>
    </ClCompile>
    <ClCompile Include="..\src\YBehavior\mgrs.cpp">
      <Filter>源文件</Filter>
    </ClCompile>
    <ClCompile Include="..\src\YBehavior\fsm\transition.cpp">
      <Filter>源文件\fsm</Filter>
    </ClCompile>
    <ClCompile Include="..\src\YBehavior\fsm\context.cpp">
      <Filter>源文件\fsm</Filter>
    </ClCompile>
    <ClCompile Include="..\src\YBehavior\nodes\fsmrelated.cpp">
      <Filter>源文件\nodes</Filter>
    </ClCompile>
    <ClCompile Include="..\src\YBehavior\fsm\behavior.cpp">
      <Filter>源文件\fsm</Filter>
    </ClCompile>
    <ClCompile Include="..\src\YBehavior\fsm\behaviormgr.cpp">
      <Filter>源文件\fsm</Filter>
    </ClCompile>
    <ClCompile Include="..\src\YBehavior\profile\profiler.cpp">
      <Filter>源文件\profile</Filter>
    </ClCompile>
    <ClCompile Include="..\src\YBehavior\profile\profilehelper.cpp">
      <Filter>源文件\profile</Filter>
    </ClCompile>
    <ClCompile Include="..\src\YBehavior\profile\profileprocessor.cpp">
      <Filter>源文件\profile</Filter>
    </ClCompile>
    <ClCompile Include="..\src\YBehavior\sharp\sharpnode.cpp">
      <Filter>源文件\sharp</Filter>
    </ClCompile>
    <ClCompile Include="..\src\YBehavior\sharp\sharpentry.cpp">
      <Filter>源文件\sharp</Filter>
    </ClCompile>
    <ClCompile Include="..\src\YBehavior\sharp\sharplaunch.cpp">
      <Filter>源文件\sharp</Filter>
    </ClCompile>
    <ClCompile Include="..\src\YBehavior\sharp\sharpentry_buffer.cpp">
      <Filter>源文件\sharp</Filter>
    </ClCompile>
    <ClCompile Include="..\src\YBehavior\treenode.cpp">
      <Filter>源文件</Filter>
    </ClCompile>
    <ClCompile Include="..\src\YBehavior\nodes\convert.cpp">
      <Filter>源文件\nodes</Filter>
    </ClCompile>
    <ClCompile Include="..\src\YBehavior\variables\variablecalculate.cpp">
      <Filter>源文件\variables</Filter>
    </ClCompile>
    <ClCompile Include="..\src\YBehavior\variables\variablecompare.cpp">
      <Filter>源文件\variables</Filter>
    </ClCompile>
    <ClCompile Include="..\src\YBehavior\variables\variableconvert.cpp">
      <Filter>源文件\variables</Filter>
    </ClCompile>
    <ClCompile Include="..\src\YBehavior\variables\variableoperation.cpp">
      <Filter>源文件\variables</Filter>
    </ClCompile>
    <ClCompile Include="..\src\YBehavior\variables\variablerandom.cpp">
      <Filter>源文件\variables</Filter>
    </ClCompile>
    <ClCompile Include="..\src\YBehavior\variablecreation.cpp">
      <Filter>源文件</Filter>
    </ClCompile>
    <ClCompile Include="..\src\YBehavior\types\types.cpp">
      <Filter>源文件\types</Filter>
    </ClCompile>
  </ItemGroup>
</Project>