
Microsoft Visual Studio Solution File, Format Version 12.00
# Visual Studio Version 17
VisualStudioVersion = 17.10.34916.146
MinimumVisualStudioVersion = 10.0.40219.1
Project("{8BC9CEB8-8B4A-11D0-8D11-00A0C91BC942}") = "YBehavior", "YBehavior.vcxproj", "{C1582006-77B9-497E-A630-43FC48DD4B18}"
EndProject
Project("{8BC9CEB8-8B4A-11D0-8D11-00A0C91BC942}") = "Test", "Test.vcxproj", "{E266CCBE-E012-408A-B85A-C535613E87A0}"
	ProjectSection(ProjectDependencies) = postProject
		{C1582006-77B9-497E-A630-43FC48DD4B18} = {C1582006-77B9-497E-A630-43FC48DD4B18}
	EndProjectSection
EndProject
Project("{9A19103F-16F7-4668-BE54-9A1E7A4F7556}") = "YBehaviorSharp", "YBehaviorSharp\YBehaviorSharp.csproj", "{FA240CC1-748F-4190-A0AC-FF1AC76A6343}"
EndProject
Project("{9A19103F-16F7-4668-BE54-9A1E7A4F7556}") = "TestSharp", "TestSharp\TestSharp.csproj", "{840CB023-10FF-4D9B-BE4B-8F8A660085C8}"
EndProject
Global
	GlobalSection(SolutionConfigurationPlatforms) = preSolution
		Debug|Any CPU = Debug|Any CPU
		Debug|x64 = Debug|x64
		Release|Any CPU = Release|Any CPU
		Release|x64 = Release|x64
		SharpDebug|Any CPU = SharpDebug|Any CPU
		SharpDebug|x64 = SharpDebug|x64
	EndGlobalSection
	GlobalSection(ProjectConfigurationPlatforms) = postSolution
		{C1582006-77B9-497E-A630-43FC48DD4B18}.Debug|Any CPU.ActiveCfg = Debug|Win32
		{C1582006-77B9-497E-A630-43FC48DD4B18}.Debug|x64.ActiveCfg = Debug|x64
		{C1582006-77B9-497E-A630-43FC48DD4B18}.Debug|x64.Build.0 = Debug|x64
		{C1582006-77B9-497E-A630-43FC48DD4B18}.Release|Any CPU.ActiveCfg = Release|Win32
		{C1582006-77B9-497E-A630-43FC48DD4B18}.Release|x64.ActiveCfg = Release|x64
		{C1582006-77B9-497E-A630-43FC48DD4B18}.Release|x64.Build.0 = Release|x64
		{C1582006-77B9-497E-A630-43FC48DD4B18}.SharpDebug|Any CPU.ActiveCfg = SharpDebug|x64
		{C1582006-77B9-497E-A630-43FC48DD4B18}.SharpDebug|Any CPU.Build.0 = SharpDebug|x64
		{C1582006-77B9-497E-A630-43FC48DD4B18}.SharpDebug|x64.ActiveCfg = SharpDebug|x64
		{E266CCBE-E012-408A-B85A-C535613E87A0}.Debug|Any CPU.ActiveCfg = Debug|Win32
		{E266CCBE-E012-408A-B85A-C535613E87A0}.Debug|x64.ActiveCfg = Debug|x64
		{E266CCBE-E012-408A-B85A-C535613E87A0}.Debug|x64.Build.0 = Debug|x64
		{E266CCBE-E012-408A-B85A-C535613E87A0}.Release|Any CPU.ActiveCfg = Release|Win32
		{E266CCBE-E012-408A-B85A-C535613E87A0}.Release|x64.ActiveCfg = Release|x64
		{E266CCBE-E012-408A-B85A-C535613E87A0}.Release|x64.Build.0 = Release|x64
		{E266CCBE-E012-408A-B85A-C535613E87A0}.SharpDebug|Any CPU.ActiveCfg = SharpDebug|Win32
		{E266CCBE-E012-408A-B85A-C535613E87A0}.SharpDebug|x64.ActiveCfg = SharpDebug|x64
		{FA240CC1-748F-4190-A0AC-FF1AC76A6343}.Debug|Any CPU.ActiveCfg = Debug|Any CPU
		{FA240CC1-748F-4190-A0AC-FF1AC76A6343}.Debug|Any CPU.Build.0 = Debug|Any CPU
		{FA240CC1-748F-4190-A0AC-FF1AC76A6343}.Debug|x64.ActiveCfg = Debug|Any CPU
		{FA240CC1-748F-4190-A0AC-FF1AC76A6343}.Debug|x64.Build.0 = Debug|Any CPU
		{FA240CC1-748F-4190-A0AC-FF1AC76A6343}.Release|Any CPU.ActiveCfg = Release|Any CPU
		{FA240CC1-748F-4190-A0AC-FF1AC76A6343}.Release|Any CPU.Build.0 = Release|Any CPU
		{FA240CC1-748F-4190-A0AC-FF1AC76A6343}.Release|x64.ActiveCfg = Release|Any CPU
		{FA240CC1-748F-4190-A0AC-FF1AC76A6343}.Release|x64.Build.0 = Release|Any CPU
		{FA240CC1-748F-4190-A0AC-FF1AC76A6343}.SharpDebug|Any CPU.ActiveCfg = SharpDebug|Any CPU
		{FA240CC1-748F-4190-A0AC-FF1AC76A6343}.SharpDebug|Any CPU.Build.0 = SharpDebug|Any CPU
		{FA240CC1-748F-4190-A0AC-FF1AC76A6343}.SharpDebug|x64.ActiveCfg = SharpDebug|Any CPU
		{FA240CC1-748F-4190-A0AC-FF1AC76A6343}.SharpDebug|x64.Build.0 = SharpDebug|Any CPU
		{840CB023-10FF-4D9B-BE4B-8F8A660085C8}.Debug|Any CPU.ActiveCfg = Debug|Any CPU
		{840CB023-10FF-4D9B-BE4B-8F8A660085C8}.Debug|Any CPU.Build.0 = Debug|Any CPU
		{840CB023-10FF-4D9B-BE4B-8F8A660085C8}.Debug|x64.ActiveCfg = Debug|Any CPU
		{840CB023-10FF-4D9B-BE4B-8F8A660085C8}.Debug|x64.Build.0 = Debug|Any CPU
		{840CB023-10FF-4D9B-BE4B-8F8A660085C8}.Release|Any CPU.ActiveCfg = Release|Any CPU
		{840CB023-10FF-4D9B-BE4B-8F8A660085C8}.Release|Any CPU.Build.0 = Release|Any CPU
		{840CB023-10FF-4D9B-BE4B-8F8A660085C8}.Release|x64.ActiveCfg = Release|Any CPU
		{840CB023-10FF-4D9B-BE4B-8F8A660085C8}.Release|x64.Build.0 = Release|Any CPU
		{840CB023-10FF-4D9B-BE4B-8F8A660085C8}.SharpDebug|Any CPU.ActiveCfg = SharpDebug|Any CPU
		{840CB023-10FF-4D9B-BE4B-8F8A660085C8}.SharpDebug|Any CPU.Build.0 = SharpDebug|Any CPU
		{840CB023-10FF-4D9B-BE4B-8F8A660085C8}.SharpDebug|x64.ActiveCfg = SharpDebug|Any CPU
		{840CB023-10FF-4D9B-BE4B-8F8A660085C8}.SharpDebug|x64.Build.0 = SharpDebug|Any CPU
	EndGlobalSection
	GlobalSection(SolutionProperties) = preSolution
		HideSolutionNode = FALSE
	EndGlobalSection
	GlobalSection(ExtensibilityGlobals) = postSolution
		SolutionGuid = {E6337AFC-B03E-47E9-9287-90DC7146E71B}
	EndGlobalSection
EndGlobal
