
Microsoft Visual Studio Solution File, Format Version 12.00
# Visual Studio 15
VisualStudioVersion = 15.0.27004.2009
MinimumVisualStudioVersion = 10.0.40219.1
Project("{FAE04EC0-301F-11D3-BF4B-00C04F79EFBC}") = "YBehaviorEditor", "YBehaviorEditor.csproj", "{B147460C-CC1E-4C33-BD28-B98E322F0F14}"
	ProjectSection(ProjectDependencies) = postProject
		{DF123473-D9BA-457B-A99B-E8FB77F5FB83} = {DF123473-D9BA-457B-A99B-E8FB77F5FB83}
	EndProjectSection
EndProject
Project("{FAE04EC0-301F-11D3-BF4B-00C04F79EFBC}") = "YBehaviorEditorCore", "YBehaviorEditorCore\YBehaviorEditorCore.csproj", "{DF123473-D9BA-457B-A99B-E8FB77F5FB83}"
EndProject
Global
	GlobalSection(SolutionConfigurationPlatforms) = preSolution
		Debug|Any CPU = Debug|Any CPU
		Release|Any CPU = Release|Any CPU
	EndGlobalSection
	GlobalSection(ProjectConfigurationPlatforms) = postSolution
		{B147460C-CC1E-4C33-BD28-B98E322F0F14}.Debug|Any CPU.ActiveCfg = Debug|Any CPU
		{B147460C-CC1E-4C33-BD28-B98E322F0F14}.Debug|Any CPU.Build.0 = Debug|Any CPU
		{B147460C-CC1E-4C33-BD28-B98E322F0F14}.Release|Any CPU.ActiveCfg = Release|Any CPU
		{B147460C-CC1E-4C33-BD28-B98E322F0F14}.Release|Any CPU.Build.0 = Release|Any CPU
		{DF123473-D9BA-457B-A99B-E8FB77F5FB83}.Debug|Any CPU.ActiveCfg = Debug|Any CPU
		{DF123473-D9BA-457B-A99B-E8FB77F5FB83}.Debug|Any CPU.Build.0 = Debug|Any CPU
		{DF123473-D9BA-457B-A99B-E8FB77F5FB83}.Release|Any CPU.ActiveCfg = Release|Any CPU
		{DF123473-D9BA-457B-A99B-E8FB77F5FB83}.Release|Any CPU.Build.0 = Release|Any CPU
	EndGlobalSection
	GlobalSection(SolutionProperties) = preSolution
		HideSolutionNode = FALSE
	EndGlobalSection
	GlobalSection(ExtensibilityGlobals) = postSolution
		SolutionGuid = {152CB6A5-9DA0-4C00-997D-5DEF7C266740}
	EndGlobalSection
EndGlobal
